// !$*UTF8*$!
{
	archiveVersion = 1;
	classes = {
	};
	objectVersion = 46;
	objects = {

/* Begin PBXBuildFile section */
		2583A72C19FC3D0A00B56AA1 /* String+DTI.swift in Sources */ = {isa = PBXBuildFile; fileRef = 2583A72B19FC3D0A00B56AA1 /* String+DTI.swift */; };
		2587E3DE19B1134200512AFC /* main.m in Sources */ = {isa = PBXBuildFile; fileRef = 2587E3DD19B1134200512AFC /* main.m */; };
		2587E3E119B1134200512AFC /* AppDelegate.m in Sources */ = {isa = PBXBuildFile; fileRef = 2587E3E019B1134200512AFC /* AppDelegate.m */; };
		2587E3E419B1134200512AFC /* ViewController.m in Sources */ = {isa = PBXBuildFile; fileRef = 2587E3E319B1134200512AFC /* ViewController.m */; };
		2587E3E719B1134200512AFC /* Main.storyboard in Resources */ = {isa = PBXBuildFile; fileRef = 2587E3E519B1134200512AFC /* Main.storyboard */; };
		2587E3E919B1134200512AFC /* Images.xcassets in Resources */ = {isa = PBXBuildFile; fileRef = 2587E3E819B1134200512AFC /* Images.xcassets */; };
		2587E3F519B1134300512AFC /* SampleDTIToastCenterTests.m in Sources */ = {isa = PBXBuildFile; fileRef = 2587E3F419B1134300512AFC /* SampleDTIToastCenterTests.m */; };
		2587E41019B1190500512AFC /* CGRect+DTI.swift in Sources */ = {isa = PBXBuildFile; fileRef = 2587E40D19B1190500512AFC /* CGRect+DTI.swift */; };
		2587E41119B1190500512AFC /* DTIToastCenter.swift in Sources */ = {isa = PBXBuildFile; fileRef = 2587E40E19B1190500512AFC /* DTIToastCenter.swift */; };
		2587E41219B1190500512AFC /* DTIToastView.swift in Sources */ = {isa = PBXBuildFile; fileRef = 2587E40F19B1190500512AFC /* DTIToastView.swift */; };
/* End PBXBuildFile section */

/* Begin PBXContainerItemProxy section */
		2587E3EF19B1134300512AFC /* PBXContainerItemProxy */ = {
			isa = PBXContainerItemProxy;
			containerPortal = 2587E3D019B1134200512AFC /* Project object */;
			proxyType = 1;
			remoteGlobalIDString = 2587E3D719B1134200512AFC;
			remoteInfo = SampleDTIToastCenter;
		};
/* End PBXContainerItemProxy section */

/* Begin PBXFileReference section */
		2583A72B19FC3D0A00B56AA1 /* String+DTI.swift */ = {isa = PBXFileReference; fileEncoding = 4; lastKnownFileType = sourcecode.swift; path = "String+DTI.swift"; sourceTree = "<group>"; };
		2587E3D819B1134200512AFC /* SampleDTIToastCenter.app */ = {isa = PBXFileReference; explicitFileType = wrapper.application; includeInIndex = 0; path = SampleDTIToastCenter.app; sourceTree = BUILT_PRODUCTS_DIR; };
		2587E3DC19B1134200512AFC /* Info.plist */ = {isa = PBXFileReference; lastKnownFileType = text.plist.xml; path = Info.plist; sourceTree = "<group>"; };
		2587E3DD19B1134200512AFC /* main.m */ = {isa = PBXFileReference; lastKnownFileType = sourcecode.c.objc; path = main.m; sourceTree = "<group>"; };
		2587E3DF19B1134200512AFC /* AppDelegate.h */ = {isa = PBXFileReference; lastKnownFileType = sourcecode.c.h; path = AppDelegate.h; sourceTree = "<group>"; };
		2587E3E019B1134200512AFC /* AppDelegate.m */ = {isa = PBXFileReference; lastKnownFileType = sourcecode.c.objc; path = AppDelegate.m; sourceTree = "<group>"; };
		2587E3E219B1134200512AFC /* ViewController.h */ = {isa = PBXFileReference; lastKnownFileType = sourcecode.c.h; path = ViewController.h; sourceTree = "<group>"; };
		2587E3E319B1134200512AFC /* ViewController.m */ = {isa = PBXFileReference; lastKnownFileType = sourcecode.c.objc; path = ViewController.m; sourceTree = "<group>"; };
		2587E3E619B1134200512AFC /* Base */ = {isa = PBXFileReference; lastKnownFileType = file.storyboard; name = Base; path = Base.lproj/Main.storyboard; sourceTree = "<group>"; };
		2587E3E819B1134200512AFC /* Images.xcassets */ = {isa = PBXFileReference; lastKnownFileType = folder.assetcatalog; path = Images.xcassets; sourceTree = "<group>"; };
		2587E3EE19B1134300512AFC /* SampleDTIToastCenterTests.xctest */ = {isa = PBXFileReference; explicitFileType = wrapper.cfbundle; includeInIndex = 0; path = SampleDTIToastCenterTests.xctest; sourceTree = BUILT_PRODUCTS_DIR; };
		2587E3F319B1134300512AFC /* Info.plist */ = {isa = PBXFileReference; lastKnownFileType = text.plist.xml; path = Info.plist; sourceTree = "<group>"; };
		2587E3F419B1134300512AFC /* SampleDTIToastCenterTests.m */ = {isa = PBXFileReference; lastKnownFileType = sourcecode.c.objc; path = SampleDTIToastCenterTests.m; sourceTree = "<group>"; };
		2587E40A19B118C100512AFC /* SampleDTIToastCenter-Bridging-Header.h */ = {isa = PBXFileReference; lastKnownFileType = sourcecode.c.h; path = "SampleDTIToastCenter-Bridging-Header.h"; sourceTree = "<group>"; };
		2587E40D19B1190500512AFC /* CGRect+DTI.swift */ = {isa = PBXFileReference; fileEncoding = 4; lastKnownFileType = sourcecode.swift; path = "CGRect+DTI.swift"; sourceTree = "<group>"; };
		2587E40E19B1190500512AFC /* DTIToastCenter.swift */ = {isa = PBXFileReference; fileEncoding = 4; lastKnownFileType = sourcecode.swift; path = DTIToastCenter.swift; sourceTree = "<group>"; };
		2587E40F19B1190500512AFC /* DTIToastView.swift */ = {isa = PBXFileReference; fileEncoding = 4; lastKnownFileType = sourcecode.swift; path = DTIToastView.swift; sourceTree = "<group>"; };
/* End PBXFileReference section */

/* Begin PBXFrameworksBuildPhase section */
		2587E3D519B1134200512AFC /* Frameworks */ = {
			isa = PBXFrameworksBuildPhase;
			buildActionMask = 2147483647;
			files = (
			);
			runOnlyForDeploymentPostprocessing = 0;
		};
		2587E3EB19B1134300512AFC /* Frameworks */ = {
			isa = PBXFrameworksBuildPhase;
			buildActionMask = 2147483647;
			files = (
			);
			runOnlyForDeploymentPostprocessing = 0;
		};
/* End PBXFrameworksBuildPhase section */

/* Begin PBXGroup section */
		2587E3CF19B1134200512AFC = {
			isa = PBXGroup;
			children = (
				2587E3DA19B1134200512AFC /* SampleDTIToastCenter */,
				2587E3F119B1134300512AFC /* SampleDTIToastCenterTests */,
				2587E3D919B1134200512AFC /* Products */,
			);
			sourceTree = "<group>";
		};
		2587E3D919B1134200512AFC /* Products */ = {
			isa = PBXGroup;
			children = (
				2587E3D819B1134200512AFC /* SampleDTIToastCenter.app */,
				2587E3EE19B1134300512AFC /* SampleDTIToastCenterTests.xctest */,
			);
			name = Products;
			sourceTree = "<group>";
		};
		2587E3DA19B1134200512AFC /* SampleDTIToastCenter */ = {
			isa = PBXGroup;
			children = (
				2587E3DF19B1134200512AFC /* AppDelegate.h */,
				2587E3E019B1134200512AFC /* AppDelegate.m */,
				2587E3E219B1134200512AFC /* ViewController.h */,
				2587E3E319B1134200512AFC /* ViewController.m */,
				2587E3E519B1134200512AFC /* Main.storyboard */,
				2587E3E819B1134200512AFC /* Images.xcassets */,
				2587E3FE19B1143900512AFC /* Classes */,
				2587E3DB19B1134200512AFC /* Supporting Files */,
				2587E40A19B118C100512AFC /* SampleDTIToastCenter-Bridging-Header.h */,
			);
			path = SampleDTIToastCenter;
			sourceTree = "<group>";
		};
		2587E3DB19B1134200512AFC /* Supporting Files */ = {
			isa = PBXGroup;
			children = (
				2587E3DC19B1134200512AFC /* Info.plist */,
				2587E3DD19B1134200512AFC /* main.m */,
			);
			name = "Supporting Files";
			sourceTree = "<group>";
		};
		2587E3F119B1134300512AFC /* SampleDTIToastCenterTests */ = {
			isa = PBXGroup;
			children = (
				2587E3F419B1134300512AFC /* SampleDTIToastCenterTests.m */,
				2587E3F219B1134300512AFC /* Supporting Files */,
			);
			path = SampleDTIToastCenterTests;
			sourceTree = "<group>";
		};
		2587E3F219B1134300512AFC /* Supporting Files */ = {
			isa = PBXGroup;
			children = (
				2587E3F319B1134300512AFC /* Info.plist */,
			);
			name = "Supporting Files";
			sourceTree = "<group>";
		};
		2587E3FE19B1143900512AFC /* Classes */ = {
			isa = PBXGroup;
			children = (
				2587E40D19B1190500512AFC /* CGRect+DTI.swift */,
				2587E40E19B1190500512AFC /* DTIToastCenter.swift */,
				2587E40F19B1190500512AFC /* DTIToastView.swift */,
				2583A72B19FC3D0A00B56AA1 /* String+DTI.swift */,
			);
			name = Classes;
			path = ../../../Classes;
			sourceTree = "<group>";
		};
/* End PBXGroup section */

/* Begin PBXNativeTarget section */
		2587E3D719B1134200512AFC /* SampleDTIToastCenter */ = {
			isa = PBXNativeTarget;
			buildConfigurationList = 2587E3F819B1134300512AFC /* Build configuration list for PBXNativeTarget "SampleDTIToastCenter" */;
			buildPhases = (
				2587E3D419B1134200512AFC /* Sources */,
				2587E3D519B1134200512AFC /* Frameworks */,
				2587E3D619B1134200512AFC /* Resources */,
			);
			buildRules = (
			);
			dependencies = (
			);
			name = SampleDTIToastCenter;
			productName = SampleDTIToastCenter;
			productReference = 2587E3D819B1134200512AFC /* SampleDTIToastCenter.app */;
			productType = "com.apple.product-type.application";
		};
		2587E3ED19B1134300512AFC /* SampleDTIToastCenterTests */ = {
			isa = PBXNativeTarget;
			buildConfigurationList = 2587E3FB19B1134300512AFC /* Build configuration list for PBXNativeTarget "SampleDTIToastCenterTests" */;
			buildPhases = (
				2587E3EA19B1134300512AFC /* Sources */,
				2587E3EB19B1134300512AFC /* Frameworks */,
				2587E3EC19B1134300512AFC /* Resources */,
			);
			buildRules = (
			);
			dependencies = (
				2587E3F019B1134300512AFC /* PBXTargetDependency */,
			);
			name = SampleDTIToastCenterTests;
			productName = SampleDTIToastCenterTests;
			productReference = 2587E3EE19B1134300512AFC /* SampleDTIToastCenterTests.xctest */;
			productType = "com.apple.product-type.bundle.unit-test";
		};
/* End PBXNativeTarget section */

/* Begin PBXProject section */
		2587E3D019B1134200512AFC /* Project object */ = {
			isa = PBXProject;
			attributes = {
				LastUpgradeCheck = 0600;
				ORGANIZATIONNAME = "o--O--o";
				TargetAttributes = {
					2587E3D719B1134200512AFC = {
						CreatedOnToolsVersion = 6.0;
					};
					2587E3ED19B1134300512AFC = {
						CreatedOnToolsVersion = 6.0;
						TestTargetID = 2587E3D719B1134200512AFC;
					};
				};
			};
			buildConfigurationList = 2587E3D319B1134200512AFC /* Build configuration list for PBXProject "SampleDTIToastCenter" */;
			compatibilityVersion = "Xcode 3.2";
			developmentRegion = English;
			hasScannedForEncodings = 0;
			knownRegions = (
				en,
				Base,
			);
			mainGroup = 2587E3CF19B1134200512AFC;
			productRefGroup = 2587E3D919B1134200512AFC /* Products */;
			projectDirPath = "";
			projectRoot = "";
			targets = (
				2587E3D719B1134200512AFC /* SampleDTIToastCenter */,
				2587E3ED19B1134300512AFC /* SampleDTIToastCenterTests */,
			);
		};
/* End PBXProject section */

/* Begin PBXResourcesBuildPhase section */
		2587E3D619B1134200512AFC /* Resources */ = {
			isa = PBXResourcesBuildPhase;
			buildActionMask = 2147483647;
			files = (
				2587E3E719B1134200512AFC /* Main.storyboard in Resources */,
				2587E3E919B1134200512AFC /* Images.xcassets in Resources */,
			);
			runOnlyForDeploymentPostprocessing = 0;
		};
		2587E3EC19B1134300512AFC /* Resources */ = {
			isa = PBXResourcesBuildPhase;
			buildActionMask = 2147483647;
			files = (
			);
			runOnlyForDeploymentPostprocessing = 0;
		};
/* End PBXResourcesBuildPhase section */

/* Begin PBXSourcesBuildPhase section */
		2587E3D419B1134200512AFC /* Sources */ = {
			isa = PBXSourcesBuildPhase;
			buildActionMask = 2147483647;
			files = (
				2587E3E419B1134200512AFC /* ViewController.m in Sources */,
				2587E41019B1190500512AFC /* CGRect+DTI.swift in Sources */,
				2587E41219B1190500512AFC /* DTIToastView.swift in Sources */,
				2587E3E119B1134200512AFC /* AppDelegate.m in Sources */,
				2587E41119B1190500512AFC /* DTIToastCenter.swift in Sources */,
				2587E3DE19B1134200512AFC /* main.m in Sources */,
				2583A72C19FC3D0A00B56AA1 /* String+DTI.swift in Sources */,
			);
			runOnlyForDeploymentPostprocessing = 0;
		};
		2587E3EA19B1134300512AFC /* Sources */ = {
			isa = PBXSourcesBuildPhase;
			buildActionMask = 2147483647;
			files = (
				2587E3F519B1134300512AFC /* SampleDTIToastCenterTests.m in Sources */,
			);
			runOnlyForDeploymentPostprocessing = 0;
		};
/* End PBXSourcesBuildPhase section */

/* Begin PBXTargetDependency section */
		2587E3F019B1134300512AFC /* PBXTargetDependency */ = {
			isa = PBXTargetDependency;
			target = 2587E3D719B1134200512AFC /* SampleDTIToastCenter */;
			targetProxy = 2587E3EF19B1134300512AFC /* PBXContainerItemProxy */;
		};
/* End PBXTargetDependency section */

/* Begin PBXVariantGroup section */
		2587E3E519B1134200512AFC /* Main.storyboard */ = {
			isa = PBXVariantGroup;
			children = (
				2587E3E619B1134200512AFC /* Base */,
			);
			name = Main.storyboard;
			sourceTree = "<group>";
		};
/* End PBXVariantGroup section */

/* Begin XCBuildConfiguration section */
		2587E3F619B1134300512AFC /* Debug */ = {
			isa = XCBuildConfiguration;
			buildSettings = {
				ALWAYS_SEARCH_USER_PATHS = NO;
				CLANG_CXX_LANGUAGE_STANDARD = "gnu++0x";
				CLANG_CXX_LIBRARY = "libc++";
				CLANG_ENABLE_MODULES = YES;
				CLANG_ENABLE_OBJC_ARC = YES;
				CLANG_WARN_BOOL_CONVERSION = YES;
				CLANG_WARN_CONSTANT_CONVERSION = YES;
				CLANG_WARN_DIRECT_OBJC_ISA_USAGE = YES_ERROR;
				CLANG_WARN_EMPTY_BODY = YES;
				CLANG_WARN_ENUM_CONVERSION = YES;
				CLANG_WARN_INT_CONVERSION = YES;
				CLANG_WARN_OBJC_ROOT_CLASS = YES_ERROR;
				CLANG_WARN_UNREACHABLE_CODE = YES;
				CLANG_WARN__DUPLICATE_METHOD_MATCH = YES;
				"CODE_SIGN_IDENTITY[sdk=iphoneos*]" = "iPhone Developer";
				COPY_PHASE_STRIP = NO;
				ENABLE_STRICT_OBJC_MSGSEND = YES;
				GCC_C_LANGUAGE_STANDARD = gnu99;
				GCC_DYNAMIC_NO_PIC = NO;
				GCC_OPTIMIZATION_LEVEL = 0;
				GCC_PREPROCESSOR_DEFINITIONS = (
					"DEBUG=1",
					"$(inherited)",
				);
				GCC_SYMBOLS_PRIVATE_EXTERN = NO;
				GCC_WARN_64_TO_32_BIT_CONVERSION = YES;
				GCC_WARN_ABOUT_RETURN_TYPE = YES_ERROR;
				GCC_WARN_UNDECLARED_SELECTOR = YES;
				GCC_WARN_UNINITIALIZED_AUTOS = YES_AGGRESSIVE;
				GCC_WARN_UNUSED_FUNCTION = YES;
				GCC_WARN_UNUSED_VARIABLE = YES;
				IPHONEOS_DEPLOYMENT_TARGET = 8.0;
				MTL_ENABLE_DEBUG_INFO = YES;
				ONLY_ACTIVE_ARCH = YES;
				SDKROOT = iphoneos;
			};
			name = Debug;
		};
		2587E3F719B1134300512AFC /* Release */ = {
			isa = XCBuildConfiguration;
			buildSettings = {
				ALWAYS_SEARCH_USER_PATHS = NO;
				CLANG_CXX_LANGUAGE_STANDARD = "gnu++0x";
				CLANG_CXX_LIBRARY = "libc++";
				CLANG_ENABLE_MODULES = YES;
				CLANG_ENABLE_OBJC_ARC = YES;
				CLANG_WARN_BOOL_CONVERSION = YES;
				CLANG_WARN_CONSTANT_CONVERSION = YES;
				CLANG_WARN_DIRECT_OBJC_ISA_USAGE = YES_ERROR;
				CLANG_WARN_EMPTY_BODY = YES;
				CLANG_WARN_ENUM_CONVERSION = YES;
				CLANG_WARN_INT_CONVERSION = YES;
				CLANG_WARN_OBJC_ROOT_CLASS = YES_ERROR;
				CLANG_WARN_UNREACHABLE_CODE = YES;
				CLANG_WARN__DUPLICATE_METHOD_MATCH = YES;
				"CODE_SIGN_IDENTITY[sdk=iphoneos*]" = "iPhone Developer";
				COPY_PHASE_STRIP = YES;
				ENABLE_NS_ASSERTIONS = NO;
				ENABLE_STRICT_OBJC_MSGSEND = YES;
				GCC_C_LANGUAGE_STANDARD = gnu99;
				GCC_WARN_64_TO_32_BIT_CONVERSION = YES;
				GCC_WARN_ABOUT_RETURN_TYPE = YES_ERROR;
				GCC_WARN_UNDECLARED_SELECTOR = YES;
				GCC_WARN_UNINITIALIZED_AUTOS = YES_AGGRESSIVE;
				GCC_WARN_UNUSED_FUNCTION = YES;
				GCC_WARN_UNUSED_VARIABLE = YES;
				IPHONEOS_DEPLOYMENT_TARGET = 8.0;
				MTL_ENABLE_DEBUG_INFO = NO;
				SDKROOT = iphoneos;
				VALIDATE_PRODUCT = YES;
			};
			name = Release;
		};
		2587E3F919B1134300512AFC /* Debug */ = {
			isa = XCBuildConfiguration;
			buildSettings = {
				ASSETCATALOG_COMPILER_APPICON_NAME = AppIcon;
				ASSETCATALOG_COMPILER_LAUNCHIMAGE_NAME = LaunchImage;
				CLANG_ENABLE_MODULES = YES;
				INFOPLIST_FILE = SampleDTIToastCenter/Info.plist;
				IPHONEOS_DEPLOYMENT_TARGET = 7.1;
				LD_RUNPATH_SEARCH_PATHS = "$(inherited) @executable_path/Frameworks";
				PRODUCT_NAME = "$(TARGET_NAME)";
				SWIFT_OBJC_BRIDGING_HEADER = "SampleDTIToastCenter/SampleDTIToastCenter-Bridging-Header.h";
				SWIFT_OPTIMIZATION_LEVEL = "-Onone";
			};
			name = Debug;
		};
		2587E3FA19B1134300512AFC /* Release */ = {
			isa = XCBuildConfiguration;
			buildSettings = {
				ASSETCATALOG_COMPILER_APPICON_NAME = AppIcon;
				ASSETCATALOG_COMPILER_LAUNCHIMAGE_NAME = LaunchImage;
				CLANG_ENABLE_MODULES = YES;
				INFOPLIST_FILE = SampleDTIToastCenter/Info.plist;
				IPHONEOS_DEPLOYMENT_TARGET = 7.1;
				LD_RUNPATH_SEARCH_PATHS = "$(inherited) @executable_path/Frameworks";
				PRODUCT_NAME = "$(TARGET_NAME)";
				SWIFT_OBJC_BRIDGING_HEADER = "SampleDTIToastCenter/SampleDTIToastCenter-Bridging-Header.h";
			};
			name = Release;
		};
		2587E3FC19B1134300512AFC /* Debug */ = {
			isa = XCBuildConfiguration;
			buildSettings = {
				BUNDLE_LOADER = "$(TEST_HOST)";
				FRAMEWORK_SEARCH_PATHS = (
					"$(SDKROOT)/Developer/Library/Frameworks",
					"$(inherited)",
				);
				GCC_PREPROCESSOR_DEFINITIONS = (
					"DEBUG=1",
					"$(inherited)",
				);
				INFOPLIST_FILE = SampleDTIToastCenterTests/Info.plist;
				LD_RUNPATH_SEARCH_PATHS = "$(inherited) @executable_path/Frameworks @loader_path/Frameworks";
				PRODUCT_NAME = "$(TARGET_NAME)";
				TEST_HOST = "$(BUILT_PRODUCTS_DIR)/SampleDTIToastCenter.app/SampleDTIToastCenter";
			};
			name = Debug;
		};
		2587E3FD19B1134300512AFC /* Release */ = {
			isa = XCBuildConfiguration;
			buildSettings = {
				BUNDLE_LOADER = "$(TEST_HOST)";
				FRAMEWORK_SEARCH_PATHS = (
					"$(SDKROOT)/Developer/Library/Frameworks",
					"$(inherited)",
				);
				INFOPLIST_FILE = SampleDTIToastCenterTests/Info.plist;
				LD_RUNPATH_SEARCH_PATHS = "$(inherited) @executable_path/Frameworks @loader_path/Frameworks";
				PRODUCT_NAME = "$(TARGET_NAME)";
				TEST_HOST = "$(BUILT_PRODUCTS_DIR)/SampleDTIToastCenter.app/SampleDTIToastCenter";
			};
			name = Release;
		};
/* End XCBuildConfiguration section */

/* Begin XCConfigurationList section */
		2587E3D319B1134200512AFC /* Build configuration list for PBXProject "SampleDTIToastCenter" */ = {
			isa = XCConfigurationList;
			buildConfigurations = (
				2587E3F619B1134300512AFC /* Debug */,
				2587E3F719B1134300512AFC /* Release */,
			);
			defaultConfigurationIsVisible = 0;
			defaultConfigurationName = Release;
		};
		2587E3F819B1134300512AFC /* Build configuration list for PBXNativeTarget "SampleDTIToastCenter" */ = {
			isa = XCConfigurationList;
			buildConfigurations = (
				2587E3F919B1134300512AFC /* Debug */,
				2587E3FA19B1134300512AFC /* Release */,
			);
			defaultConfigurationIsVisible = 0;
			defaultConfigurationName = Release;
		};
		2587E3FB19B1134300512AFC /* Build configuration list for PBXNativeTarget "SampleDTIToastCenterTests" */ = {
			isa = XCConfigurationList;
			buildConfigurations = (
				2587E3FC19B1134300512AFC /* Debug */,
				2587E3FD19B1134300512AFC /* Release */,
			);
			defaultConfigurationIsVisible = 0;
			defaultConfigurationName = Release;
		};
/* End XCConfigurationList section */
	};
	rootObject = 2587E3D019B1134200512AFC /* Project object */;
}
